
Microsoft Visual Studio Solution File, Format Version 12.00
# Visual Studio Version 16
VisualStudioVersion = 16.0.30611.23
MinimumVisualStudioVersion = 10.0.40219.1
Project("{FAE04EC0-301F-11D3-BF4B-00C04F79EFBC}") = "LeHuynhMinh_5951071059", "LeHuynhMinh_5951071059.csproj", "{06A6C562-7303-4A27-800E-1FCCF3EEB8AA}"
EndProject
Global
	GlobalSection(SolutionConfigurationPlatforms) = preSolution
		Debug|Any CPU = Debug|Any CPU
		Release|Any CPU = Release|Any CPU
	EndGlobalSection
	GlobalSection(ProjectConfigurationPlatforms) = postSolution
		{06A6C562-7303-4A27-800E-1FCCF3EEB8AA}.Debug|Any CPU.ActiveCfg = Debug|Any CPU
		{06A6C562-7303-4A27-800E-1FCCF3EEB8AA}.Debug|Any CPU.Build.0 = Debug|Any CPU
		{06A6C562-7303-4A27-800E-1FCCF3EEB8AA}.Release|Any CPU.ActiveCfg = Release|Any CPU
		{06A6C562-7303-4A27-800E-1FCCF3EEB8AA}.Release|Any CPU.Build.0 = Release|Any CPU
	EndGlobalSection
	GlobalSection(SolutionProperties) = preSolution
		HideSolutionNode = FALSE
	EndGlobalSection
	GlobalSection(ExtensibilityGlobals) = postSolution
		SolutionGuid = {1A630B20-8E66-442D-B891-44A77C07EC12}
	EndGlobalSection
EndGlobal
